
Microsoft Visual Studio Solution File, Format Version 12.00
# Visual Studio Version 16
VisualStudioVersion = 16.0.29403.142
MinimumVisualStudioVersion = 10.0.40219.1
Project("{FAE04EC0-301F-11D3-BF4B-00C04F79EFBC}") = "BoundingVolumeHierarchies", "BoundingVolumeHierarchies\BoundingVolumeHierarchies.csproj", "{F442F72C-5E9D-4D25-A294-0FFF36F937FC}"
EndProject
Project("{FAE04EC0-301F-11D3-BF4B-00C04F79EFBC}") = "test", "test\test.csproj", "{B4E1666D-F7E0-4487-BE27-32FF8A2CE630}"
	ProjectSection(ProjectDependencies) = postProject
		{F442F72C-5E9D-4D25-A294-0FFF36F937FC} = {F442F72C-5E9D-4D25-A294-0FFF36F937FC}
	EndProjectSection
EndProject
Global
	GlobalSection(SolutionConfigurationPlatforms) = preSolution
		Debug|Any CPU = Debug|Any CPU
		Release|Any CPU = Release|Any CPU
	EndGlobalSection
	GlobalSection(ProjectConfigurationPlatforms) = postSolution
		{F442F72C-5E9D-4D25-A294-0FFF36F937FC}.Debug|Any CPU.ActiveCfg = Debug|Any CPU
		{F442F72C-5E9D-4D25-A294-0FFF36F937FC}.Debug|Any CPU.Build.0 = Debug|Any CPU
		{F442F72C-5E9D-4D25-A294-0FFF36F937FC}.Release|Any CPU.ActiveCfg = Release|Any CPU
		{F442F72C-5E9D-4D25-A294-0FFF36F937FC}.Release|Any CPU.Build.0 = Release|Any CPU
		{B4E1666D-F7E0-4487-BE27-32FF8A2CE630}.Debug|Any CPU.ActiveCfg = Debug|Any CPU
		{B4E1666D-F7E0-4487-BE27-32FF8A2CE630}.Debug|Any CPU.Build.0 = Debug|Any CPU
		{B4E1666D-F7E0-4487-BE27-32FF8A2CE630}.Release|Any CPU.ActiveCfg = Release|Any CPU
		{B4E1666D-F7E0-4487-BE27-32FF8A2CE630}.Release|Any CPU.Build.0 = Release|Any CPU
	EndGlobalSection
	GlobalSection(SolutionProperties) = preSolution
		HideSolutionNode = FALSE
	EndGlobalSection
	GlobalSection(ExtensibilityGlobals) = postSolution
		SolutionGuid = {59523199-0F84-4368-9949-730D8C783613}
	EndGlobalSection
EndGlobal
